
Microsoft Visual Studio Solution File, Format Version 12.00
# Visual Studio Version 16
VisualStudioVersion = 16.0.30717.126
MinimumVisualStudioVersion = 10.0.40219.1
Project("{FAE04EC0-301F-11D3-BF4B-00C04F79EFBC}") = "CleanCodeLabb3-Pizza", "CleanCodeLabb3-Pizza.csproj", "{B53078DF-3711-46D3-A56A-54133C5FEA4F}"
EndProject
Project("{FAE04EC0-301F-11D3-BF4B-00C04F79EFBC}") = "CleanCodeLabb3-Pizza Tests", "..\CleanCodeLabb3-Pizza Tests\CleanCodeLabb3-Pizza Tests.csproj", "{1D1BB480-3850-4E3E-92BF-F05415AFF375}"
EndProject
Global
	GlobalSection(SolutionConfigurationPlatforms) = preSolution
		Debug|Any CPU = Debug|Any CPU
		Release|Any CPU = Release|Any CPU
	EndGlobalSection
	GlobalSection(ProjectConfigurationPlatforms) = postSolution
		{B53078DF-3711-46D3-A56A-54133C5FEA4F}.Debug|Any CPU.ActiveCfg = Debug|Any CPU
		{B53078DF-3711-46D3-A56A-54133C5FEA4F}.Debug|Any CPU.Build.0 = Debug|Any CPU
		{B53078DF-3711-46D3-A56A-54133C5FEA4F}.Release|Any CPU.ActiveCfg = Release|Any CPU
		{B53078DF-3711-46D3-A56A-54133C5FEA4F}.Release|Any CPU.Build.0 = Release|Any CPU
		{1D1BB480-3850-4E3E-92BF-F05415AFF375}.Debug|Any CPU.ActiveCfg = Debug|Any CPU
		{1D1BB480-3850-4E3E-92BF-F05415AFF375}.Debug|Any CPU.Build.0 = Debug|Any CPU
		{1D1BB480-3850-4E3E-92BF-F05415AFF375}.Release|Any CPU.ActiveCfg = Release|Any CPU
		{1D1BB480-3850-4E3E-92BF-F05415AFF375}.Release|Any CPU.Build.0 = Release|Any CPU
	EndGlobalSection
	GlobalSection(SolutionProperties) = preSolution
		HideSolutionNode = FALSE
	EndGlobalSection
	GlobalSection(ExtensibilityGlobals) = postSolution
		SolutionGuid = {D13127B7-50E5-4B04-82D5-AB804DB6B823}
	EndGlobalSection
EndGlobal
